
Microsoft Visual Studio Solution File, Format Version 12.00
# Visual Studio Version 16
VisualStudioVersion = 16.0.30503.244
MinimumVisualStudioVersion = 10.0.40219.1
Project("{FAE04EC0-301F-11D3-BF4B-00C04F79EFBC}") = "OOPMinLabbUppgift5", "OOPMinLabbUppgift5\OOPMinLabbUppgift5.csproj", "{F4AC5A99-5D96-408F-9AF2-6CF1900AB023}"
EndProject
Global
	GlobalSection(SolutionConfigurationPlatforms) = preSolution
		Debug|Any CPU = Debug|Any CPU
		Release|Any CPU = Release|Any CPU
	EndGlobalSection
	GlobalSection(ProjectConfigurationPlatforms) = postSolution
		{F4AC5A99-5D96-408F-9AF2-6CF1900AB023}.Debug|Any CPU.ActiveCfg = Debug|Any CPU
		{F4AC5A99-5D96-408F-9AF2-6CF1900AB023}.Debug|Any CPU.Build.0 = Debug|Any CPU
		{F4AC5A99-5D96-408F-9AF2-6CF1900AB023}.Release|Any CPU.ActiveCfg = Release|Any CPU
		{F4AC5A99-5D96-408F-9AF2-6CF1900AB023}.Release|Any CPU.Build.0 = Release|Any CPU
	EndGlobalSection
	GlobalSection(SolutionProperties) = preSolution
		HideSolutionNode = FALSE
	EndGlobalSection
	GlobalSection(ExtensibilityGlobals) = postSolution
		SolutionGuid = {8496FE41-0573-42C5-B01D-0B924AC59449}
	EndGlobalSection
EndGlobal
